// !$*UTF8*$!
{
	archiveVersion = 1;
	classes = {
	};
	objectVersion = 50;
	objects = {

/* Begin PBXBuildFile section */
		644C605A28A2CF6400FAA5DF /* AppDelegate.swift in Sources */ = {isa = PBXBuildFile; fileRef = 644C605928A2CF6400FAA5DF /* AppDelegate.swift */; };
		644C605C28A2CF6400FAA5DF /* SceneDelegate.swift in Sources */ = {isa = PBXBuildFile; fileRef = 644C605B28A2CF6400FAA5DF /* SceneDelegate.swift */; };
		644C605E28A2CF6400FAA5DF /* ViewController.swift in Sources */ = {isa = PBXBuildFile; fileRef = 644C605D28A2CF6400FAA5DF /* ViewController.swift */; };
		644C606128A2CF6400FAA5DF /* Main.storyboard in Resources */ = {isa = PBXBuildFile; fileRef = 644C605F28A2CF6400FAA5DF /* Main.storyboard */; };
		644C606328A2CF6F00FAA5DF /* Assets.xcassets in Resources */ = {isa = PBXBuildFile; fileRef = 644C606228A2CF6F00FAA5DF /* Assets.xcassets */; };
		644C606628A2CF6F00FAA5DF /* LaunchScreen.storyboard in Resources */ = {isa = PBXBuildFile; fileRef = 644C606428A2CF6F00FAA5DF /* LaunchScreen.storyboard */; };
		644C607128A2CF7000FAA5DF /* TimeDatePickerKullanimiTests.swift in Sources */ = {isa = PBXBuildFile; fileRef = 644C607028A2CF7000FAA5DF /* TimeDatePickerKullanimiTests.swift */; };
		644C607C28A2CF7000FAA5DF /* TimeDatePickerKullanimiUITests.swift in Sources */ = {isa = PBXBuildFile; fileRef = 644C607B28A2CF7000FAA5DF /* TimeDatePickerKullanimiUITests.swift */; };
/* End PBXBuildFile section */

/* Begin PBXContainerItemProxy section */
		644C606D28A2CF7000FAA5DF /* PBXContainerItemProxy */ = {
			isa = PBXContainerItemProxy;
			containerPortal = 644C604E28A2CF6400FAA5DF /* Project object */;
			proxyType = 1;
			remoteGlobalIDString = 644C605528A2CF6400FAA5DF;
			remoteInfo = TimeDatePickerKullanimi;
		};
		644C607828A2CF7000FAA5DF /* PBXContainerItemProxy */ = {
			isa = PBXContainerItemProxy;
			containerPortal = 644C604E28A2CF6400FAA5DF /* Project object */;
			proxyType = 1;
			remoteGlobalIDString = 644C605528A2CF6400FAA5DF;
			remoteInfo = TimeDatePickerKullanimi;
		};
/* End PBXContainerItemProxy section */

/* Begin PBXFileReference section */
		644C605628A2CF6400FAA5DF /* TimeDatePickerKullanimi.app */ = {isa = PBXFileReference; explicitFileType = wrapper.application; includeInIndex = 0; path = TimeDatePickerKullanimi.app; sourceTree = BUILT_PRODUCTS_DIR; };
		644C605928A2CF6400FAA5DF /* AppDelegate.swift */ = {isa = PBXFileReference; lastKnownFileType = sourcecode.swift; path = AppDelegate.swift; sourceTree = "<group>"; };
		644C605B28A2CF6400FAA5DF /* SceneDelegate.swift */ = {isa = PBXFileReference; lastKnownFileType = sourcecode.swift; path = SceneDelegate.swift; sourceTree = "<group>"; };
		644C605D28A2CF6400FAA5DF /* ViewController.swift */ = {isa = PBXFileReference; lastKnownFileType = sourcecode.swift; path = ViewController.swift; sourceTree = "<group>"; };
		644C606028A2CF6400FAA5DF /* Base */ = {isa = PBXFileReference; lastKnownFileType = file.storyboard; name = Base; path = Base.lproj/Main.storyboard; sourceTree = "<group>"; };
		644C606228A2CF6F00FAA5DF /* Assets.xcassets */ = {isa = PBXFileReference; lastKnownFileType = folder.assetcatalog; path = Assets.xcassets; sourceTree = "<group>"; };
		644C606528A2CF6F00FAA5DF /* Base */ = {isa = PBXFileReference; lastKnownFileType = file.storyboard; name = Base; path = Base.lproj/LaunchScreen.storyboard; sourceTree = "<group>"; };
		644C606728A2CF6F00FAA5DF /* Info.plist */ = {isa = PBXFileReference; lastKnownFileType = text.plist.xml; path = Info.plist; sourceTree = "<group>"; };
		644C606C28A2CF7000FAA5DF /* TimeDatePickerKullanimiTests.xctest */ = {isa = PBXFileReference; explicitFileType = wrapper.cfbundle; includeInIndex = 0; path = TimeDatePickerKullanimiTests.xctest; sourceTree = BUILT_PRODUCTS_DIR; };
		644C607028A2CF7000FAA5DF /* TimeDatePickerKullanimiTests.swift */ = {isa = PBXFileReference; lastKnownFileType = sourcecode.swift; path = TimeDatePickerKullanimiTests.swift; sourceTree = "<group>"; };
		644C607228A2CF7000FAA5DF /* Info.plist */ = {isa = PBXFileReference; lastKnownFileType = text.plist.xml; path = Info.plist; sourceTree = "<group>"; };
		644C607728A2CF7000FAA5DF /* TimeDatePickerKullanimiUITests.xctest */ = {isa = PBXFileReference; explicitFileType = wrapper.cfbundle; includeInIndex = 0; path = TimeDatePickerKullanimiUITests.xctest; sourceTree = BUILT_PRODUCTS_DIR; };
		644C607B28A2CF7000FAA5DF /* TimeDatePickerKullanimiUITests.swift */ = {isa = PBXFileReference; lastKnownFileType = sourcecode.swift; path = TimeDatePickerKullanimiUITests.swift; sourceTree = "<group>"; };
		644C607D28A2CF7000FAA5DF /* Info.plist */ = {isa = PBXFileReference; lastKnownFileType = text.plist.xml; path = Info.plist; sourceTree = "<group>"; };
/* End PBXFileReference section */

/* Begin PBXFrameworksBuildPhase section */
		644C605328A2CF6400FAA5DF /* Frameworks */ = {
			isa = PBXFrameworksBuildPhase;
			buildActionMask = 2147483647;
			files = (
			);
			runOnlyForDeploymentPostprocessing = 0;
		};
		644C606928A2CF7000FAA5DF /* Frameworks */ = {
			isa = PBXFrameworksBuildPhase;
			buildActionMask = 2147483647;
			files = (
			);
			runOnlyForDeploymentPostprocessing = 0;
		};
		644C607428A2CF7000FAA5DF /* Frameworks */ = {
			isa = PBXFrameworksBuildPhase;
			buildActionMask = 2147483647;
			files = (
			);
			runOnlyForDeploymentPostprocessing = 0;
		};
/* End PBXFrameworksBuildPhase section */

/* Begin PBXGroup section */
		644C604D28A2CF6400FAA5DF = {
			isa = PBXGroup;
			children = (
				644C605828A2CF6400FAA5DF /* TimeDatePickerKullanimi */,
				644C606F28A2CF7000FAA5DF /* TimeDatePickerKullanimiTests */,
				644C607A28A2CF7000FAA5DF /* TimeDatePickerKullanimiUITests */,
				644C605728A2CF6400FAA5DF /* Products */,
			);
			sourceTree = "<group>";
		};
		644C605728A2CF6400FAA5DF /* Products */ = {
			isa = PBXGroup;
			children = (
				644C605628A2CF6400FAA5DF /* TimeDatePickerKullanimi.app */,
				644C606C28A2CF7000FAA5DF /* TimeDatePickerKullanimiTests.xctest */,
				644C607728A2CF7000FAA5DF /* TimeDatePickerKullanimiUITests.xctest */,
			);
			name = Products;
			sourceTree = "<group>";
		};
		644C605828A2CF6400FAA5DF /* TimeDatePickerKullanimi */ = {
			isa = PBXGroup;
			children = (
				644C605928A2CF6400FAA5DF /* AppDelegate.swift */,
				644C605B28A2CF6400FAA5DF /* SceneDelegate.swift */,
				644C605D28A2CF6400FAA5DF /* ViewController.swift */,
				644C605F28A2CF6400FAA5DF /* Main.storyboard */,
				644C606228A2CF6F00FAA5DF /* Assets.xcassets */,
				644C606428A2CF6F00FAA5DF /* LaunchScreen.storyboard */,
				644C606728A2CF6F00FAA5DF /* Info.plist */,
			);
			path = TimeDatePickerKullanimi;
			sourceTree = "<group>";
		};
		644C606F28A2CF7000FAA5DF /* TimeDatePickerKullanimiTests */ = {
			isa = PBXGroup;
			children = (
				644C607028A2CF7000FAA5DF /* TimeDatePickerKullanimiTests.swift */,
				644C607228A2CF7000FAA5DF /* Info.plist */,
			);
			path = TimeDatePickerKullanimiTests;
			sourceTree = "<group>";
		};
		644C607A28A2CF7000FAA5DF /* TimeDatePickerKullanimiUITests */ = {
			isa = PBXGroup;
			children = (
				644C607B28A2CF7000FAA5DF /* TimeDatePickerKullanimiUITests.swift */,
				644C607D28A2CF7000FAA5DF /* Info.plist */,
			);
			path = TimeDatePickerKullanimiUITests;
			sourceTree = "<group>";
		};
/* End PBXGroup section */

/* Begin PBXNativeTarget section */
		644C605528A2CF6400FAA5DF /* TimeDatePickerKullanimi */ = {
			isa = PBXNativeTarget;
			buildConfigurationList = 644C608028A2CF7000FAA5DF /* Build configuration list for PBXNativeTarget "TimeDatePickerKullanimi" */;
			buildPhases = (
				644C605228A2CF6400FAA5DF /* Sources */,
				644C605328A2CF6400FAA5DF /* Frameworks */,
				644C605428A2CF6400FAA5DF /* Resources */,
			);
			buildRules = (
			);
			dependencies = (
			);
			name = TimeDatePickerKullanimi;
			productName = TimeDatePickerKullanimi;
			productReference = 644C605628A2CF6400FAA5DF /* TimeDatePickerKullanimi.app */;
			productType = "com.apple.product-type.application";
		};
		644C606B28A2CF7000FAA5DF /* TimeDatePickerKullanimiTests */ = {
			isa = PBXNativeTarget;
			buildConfigurationList = 644C608328A2CF7000FAA5DF /* Build configuration list for PBXNativeTarget "TimeDatePickerKullanimiTests" */;
			buildPhases = (
				644C606828A2CF7000FAA5DF /* Sources */,
				644C606928A2CF7000FAA5DF /* Frameworks */,
				644C606A28A2CF7000FAA5DF /* Resources */,
			);
			buildRules = (
			);
			dependencies = (
				644C606E28A2CF7000FAA5DF /* PBXTargetDependency */,
			);
			name = TimeDatePickerKullanimiTests;
			productName = TimeDatePickerKullanimiTests;
			productReference = 644C606C28A2CF7000FAA5DF /* TimeDatePickerKullanimiTests.xctest */;
			productType = "com.apple.product-type.bundle.unit-test";
		};
		644C607628A2CF7000FAA5DF /* TimeDatePickerKullanimiUITests */ = {
			isa = PBXNativeTarget;
			buildConfigurationList = 644C608628A2CF7000FAA5DF /* Build configuration list for PBXNativeTarget "TimeDatePickerKullanimiUITests" */;
			buildPhases = (
				644C607328A2CF7000FAA5DF /* Sources */,
				644C607428A2CF7000FAA5DF /* Frameworks */,
				644C607528A2CF7000FAA5DF /* Resources */,
			);
			buildRules = (
			);
			dependencies = (
				644C607928A2CF7000FAA5DF /* PBXTargetDependency */,
			);
			name = TimeDatePickerKullanimiUITests;
			productName = TimeDatePickerKullanimiUITests;
			productReference = 644C607728A2CF7000FAA5DF /* TimeDatePickerKullanimiUITests.xctest */;
			productType = "com.apple.product-type.bundle.ui-testing";
		};
/* End PBXNativeTarget section */

/* Begin PBXProject section */
		644C604E28A2CF6400FAA5DF /* Project object */ = {
			isa = PBXProject;
			attributes = {
				LastSwiftUpdateCheck = 1240;
				LastUpgradeCheck = 1240;
				TargetAttributes = {
					644C605528A2CF6400FAA5DF = {
						CreatedOnToolsVersion = 12.4;
					};
					644C606B28A2CF7000FAA5DF = {
						CreatedOnToolsVersion = 12.4;
						TestTargetID = 644C605528A2CF6400FAA5DF;
					};
					644C607628A2CF7000FAA5DF = {
						CreatedOnToolsVersion = 12.4;
						TestTargetID = 644C605528A2CF6400FAA5DF;
					};
				};
			};
			buildConfigurationList = 644C605128A2CF6400FAA5DF /* Build configuration list for PBXProject "TimeDatePickerKullanimi" */;
			compatibilityVersion = "Xcode 9.3";
			developmentRegion = en;
			hasScannedForEncodings = 0;
			knownRegions = (
				en,
				Base,
			);
			mainGroup = 644C604D28A2CF6400FAA5DF;
			productRefGroup = 644C605728A2CF6400FAA5DF /* Products */;
			projectDirPath = "";
			projectRoot = "";
			targets = (
				644C605528A2CF6400FAA5DF /* TimeDatePickerKullanimi */,
				644C606B28A2CF7000FAA5DF /* TimeDatePickerKullanimiTests */,
				644C607628A2CF7000FAA5DF /* TimeDatePickerKullanimiUITests */,
			);
		};
/* End PBXProject section */

/* Begin PBXResourcesBuildPhase section */
		644C605428A2CF6400FAA5DF /* Resources */ = {
			isa = PBXResourcesBuildPhase;
			buildActionMask = 2147483647;
			files = (
				644C606628A2CF6F00FAA5DF /* LaunchScreen.storyboard in Resources */,
				644C606328A2CF6F00FAA5DF /* Assets.xcassets in Resources */,
				644C606128A2CF6400FAA5DF /* Main.storyboard in Resources */,
			);
			runOnlyForDeploymentPostprocessing = 0;
		};
		644C606A28A2CF7000FAA5DF /* Resources */ = {
			isa = PBXResourcesBuildPhase;
			buildActionMask = 2147483647;
			files = (
			);
			runOnlyForDeploymentPostprocessing = 0;
		};
		644C607528A2CF7000FAA5DF /* Resources */ = {
			isa = PBXResourcesBuildPhase;
			buildActionMask = 2147483647;
			files = (
			);
			runOnlyForDeploymentPostprocessing = 0;
		};
/* End PBXResourcesBuildPhase section */

/* Begin PBXSourcesBuildPhase section */
		644C605228A2CF6400FAA5DF /* Sources */ = {
			isa = PBXSourcesBuildPhase;
			buildActionMask = 2147483647;
			files = (
				644C605E28A2CF6400FAA5DF /* ViewController.swift in Sources */,
				644C605A28A2CF6400FAA5DF /* AppDelegate.swift in Sources */,
				644C605C28A2CF6400FAA5DF /* SceneDelegate.swift in Sources */,
			);
			runOnlyForDeploymentPostprocessing = 0;
		};
		644C606828A2CF7000FAA5DF /* Sources */ = {
			isa = PBXSourcesBuildPhase;
			buildActionMask = 2147483647;
			files = (
				644C607128A2CF7000FAA5DF /* TimeDatePickerKullanimiTests.swift in Sources */,
			);
			runOnlyForDeploymentPostprocessing = 0;
		};
		644C607328A2CF7000FAA5DF /* Sources */ = {
			isa = PBXSourcesBuildPhase;
			buildActionMask = 2147483647;
			files = (
				644C607C28A2CF7000FAA5DF /* TimeDatePickerKullanimiUITests.swift in Sources */,
			);
			runOnlyForDeploymentPostprocessing = 0;
		};
/* End PBXSourcesBuildPhase section */

/* Begin PBXTargetDependency section */
		644C606E28A2CF7000FAA5DF /* PBXTargetDependency */ = {
			isa = PBXTargetDependency;
			target = 644C605528A2CF6400FAA5DF /* TimeDatePickerKullanimi */;
			targetProxy = 644C606D28A2CF7000FAA5DF /* PBXContainerItemProxy */;
		};
		644C607928A2CF7000FAA5DF /* PBXTargetDependency */ = {
			isa = PBXTargetDependency;
			target = 644C605528A2CF6400FAA5DF /* TimeDatePickerKullanimi */;
			targetProxy = 644C607828A2CF7000FAA5DF /* PBXContainerItemProxy */;
		};
/* End PBXTargetDependency section */

/* Begin PBXVariantGroup section */
		644C605F28A2CF6400FAA5DF /* Main.storyboard */ = {
			isa = PBXVariantGroup;
			children = (
				644C606028A2CF6400FAA5DF /* Base */,
			);
			name = Main.storyboard;
			sourceTree = "<group>";
		};
		644C606428A2CF6F00FAA5DF /* LaunchScreen.storyboard */ = {
			isa = PBXVariantGroup;
			children = (
				644C606528A2CF6F00FAA5DF /* Base */,
			);
			name = LaunchScreen.storyboard;
			sourceTree = "<group>";
		};
/* End PBXVariantGroup section */

/* Begin XCBuildConfiguration section */
		644C607E28A2CF7000FAA5DF /* Debug */ = {
			isa = XCBuildConfiguration;
			buildSettings = {
				ALWAYS_SEARCH_USER_PATHS = NO;
				CLANG_ANALYZER_NONNULL = YES;
				CLANG_ANALYZER_NUMBER_OBJECT_CONVERSION = YES_AGGRESSIVE;
				CLANG_CXX_LANGUAGE_STANDARD = "gnu++14";
				CLANG_CXX_LIBRARY = "libc++";
				CLANG_ENABLE_MODULES = YES;
				CLANG_ENABLE_OBJC_ARC = YES;
				CLANG_ENABLE_OBJC_WEAK = YES;
				CLANG_WARN_BLOCK_CAPTURE_AUTORELEASING = YES;
				CLANG_WARN_BOOL_CONVERSION = YES;
				CLANG_WARN_COMMA = YES;
				CLANG_WARN_CONSTANT_CONVERSION = YES;
				CLANG_WARN_DEPRECATED_OBJC_IMPLEMENTATIONS = YES;
				CLANG_WARN_DIRECT_OBJC_ISA_USAGE = YES_ERROR;
				CLANG_WARN_DOCUMENTATION_COMMENTS = YES;
				CLANG_WARN_EMPTY_BODY = YES;
				CLANG_WARN_ENUM_CONVERSION = YES;
				CLANG_WARN_INFINITE_RECURSION = YES;
				CLANG_WARN_INT_CONVERSION = YES;
				CLANG_WARN_NON_LITERAL_NULL_CONVERSION = YES;
				CLANG_WARN_OBJC_IMPLICIT_RETAIN_SELF = YES;
				CLANG_WARN_OBJC_LITERAL_CONVERSION = YES;
				CLANG_WARN_OBJC_ROOT_CLASS = YES_ERROR;
				CLANG_WARN_QUOTED_INCLUDE_IN_FRAMEWORK_HEADER = YES;
				CLANG_WARN_RANGE_LOOP_ANALYSIS = YES;
				CLANG_WARN_STRICT_PROTOTYPES = YES;
				CLANG_WARN_SUSPICIOUS_MOVE = YES;
				CLANG_WARN_UNGUARDED_AVAILABILITY = YES_AGGRESSIVE;
				CLANG_WARN_UNREACHABLE_CODE = YES;
				CLANG_WARN__DUPLICATE_METHOD_MATCH = YES;
				COPY_PHASE_STRIP = NO;
				DEBUG_INFORMATION_FORMAT = dwarf;
				ENABLE_STRICT_OBJC_MSGSEND = YES;
				ENABLE_TESTABILITY = YES;
				GCC_C_LANGUAGE_STANDARD = gnu11;
				GCC_DYNAMIC_NO_PIC = NO;
				GCC_NO_COMMON_BLOCKS = YES;
				GCC_OPTIMIZATION_LEVEL = 0;
				GCC_PREPROCESSOR_DEFINITIONS = (
					"DEBUG=1",
					"$(inherited)",
				);
				GCC_WARN_64_TO_32_BIT_CONVERSION = YES;
				GCC_WARN_ABOUT_RETURN_TYPE = YES_ERROR;
				GCC_WARN_UNDECLARED_SELECTOR = YES;
				GCC_WARN_UNINITIALIZED_AUTOS = YES_AGGRESSIVE;
				GCC_WARN_UNUSED_FUNCTION = YES;
				GCC_WARN_UNUSED_VARIABLE = YES;
				IPHONEOS_DEPLOYMENT_TARGET = 14.4;
				MTL_ENABLE_DEBUG_INFO = INCLUDE_SOURCE;
				MTL_FAST_MATH = YES;
				ONLY_ACTIVE_ARCH = YES;
				SDKROOT = iphoneos;
				SWIFT_ACTIVE_COMPILATION_CONDITIONS = DEBUG;
				SWIFT_OPTIMIZATION_LEVEL = "-Onone";
			};
			name = Debug;
		};
		644C607F28A2CF7000FAA5DF /* Release */ = {
			isa = XCBuildConfiguration;
			buildSettings = {
				ALWAYS_SEARCH_USER_PATHS = NO;
				CLANG_ANALYZER_NONNULL = YES;
				CLANG_ANALYZER_NUMBER_OBJECT_CONVERSION = YES_AGGRESSIVE;
				CLANG_CXX_LANGUAGE_STANDARD = "gnu++14";
				CLANG_CXX_LIBRARY = "libc++";
				CLANG_ENABLE_MODULES = YES;
				CLANG_ENABLE_OBJC_ARC = YES;
				CLANG_ENABLE_OBJC_WEAK = YES;
				CLANG_WARN_BLOCK_CAPTURE_AUTORELEASING = YES;
				CLANG_WARN_BOOL_CONVERSION = YES;
				CLANG_WARN_COMMA = YES;
				CLANG_WARN_CONSTANT_CONVERSION = YES;
				CLANG_WARN_DEPRECATED_OBJC_IMPLEMENTATIONS = YES;
				CLANG_WARN_DIRECT_OBJC_ISA_USAGE = YES_ERROR;
				CLANG_WARN_DOCUMENTATION_COMMENTS = YES;
				CLANG_WARN_EMPTY_BODY = YES;
				CLANG_WARN_ENUM_CONVERSION = YES;
				CLANG_WARN_INFINITE_RECURSION = YES;
				CLANG_WARN_INT_CONVERSION = YES;
				CLANG_WARN_NON_LITERAL_NULL_CONVERSION = YES;
				CLANG_WARN_OBJC_IMPLICIT_RETAIN_SELF = YES;
				CLANG_WARN_OBJC_LITERAL_CONVERSION = YES;
				CLANG_WARN_OBJC_ROOT_CLASS = YES_ERROR;
				CLANG_WARN_QUOTED_INCLUDE_IN_FRAMEWORK_HEADER = YES;
				CLANG_WARN_RANGE_LOOP_ANALYSIS = YES;
				CLANG_WARN_STRICT_PROTOTYPES = YES;
				CLANG_WARN_SUSPICIOUS_MOVE = YES;
				CLANG_WARN_UNGUARDED_AVAILABILITY = YES_AGGRESSIVE;
				CLANG_WARN_UNREACHABLE_CODE = YES;
				CLANG_WARN__DUPLICATE_METHOD_MATCH = YES;
				COPY_PHASE_STRIP = NO;
				DEBUG_INFORMATION_FORMAT = "dwarf-with-dsym";
				ENABLE_NS_ASSERTIONS = NO;
				ENABLE_STRICT_OBJC_MSGSEND = YES;
				GCC_C_LANGUAGE_STANDARD = gnu11;
				GCC_NO_COMMON_BLOCKS = YES;
				GCC_WARN_64_TO_32_BIT_CONVERSION = YES;
				GCC_WARN_ABOUT_RETURN_TYPE = YES_ERROR;
				GCC_WARN_UNDECLARED_SELECTOR = YES;
				GCC_WARN_UNINITIALIZED_AUTOS = YES_AGGRESSIVE;
				GCC_WARN_UNUSED_FUNCTION = YES;
				GCC_WARN_UNUSED_VARIABLE = YES;
				IPHONEOS_DEPLOYMENT_TARGET = 14.4;
				MTL_ENABLE_DEBUG_INFO = NO;
				MTL_FAST_MATH = YES;
				SDKROOT = iphoneos;
				SWIFT_COMPILATION_MODE = wholemodule;
				SWIFT_OPTIMIZATION_LEVEL = "-O";
				VALIDATE_PRODUCT = YES;
			};
			name = Release;
		};
		644C608128A2CF7000FAA5DF /* Debug */ = {
			isa = XCBuildConfiguration;
			buildSettings = {
				ASSETCATALOG_COMPILER_APPICON_NAME = AppIcon;
				ASSETCATALOG_COMPILER_GLOBAL_ACCENT_COLOR_NAME = AccentColor;
				CODE_SIGN_STYLE = Automatic;
				INFOPLIST_FILE = TimeDatePickerKullanimi/Info.plist;
				LD_RUNPATH_SEARCH_PATHS = (
					"$(inherited)",
					"@executable_path/Frameworks",
				);
				PRODUCT_BUNDLE_IDENTIFIER = com.malishen.TimeDatePickerKullanimi;
				PRODUCT_NAME = "$(TARGET_NAME)";
				SWIFT_VERSION = 5.0;
				TARGETED_DEVICE_FAMILY = "1,2";
			};
			name = Debug;
		};
		644C608228A2CF7000FAA5DF /* Release */ = {
			isa = XCBuildConfiguration;
			buildSettings = {
				ASSETCATALOG_COMPILER_APPICON_NAME = AppIcon;
				ASSETCATALOG_COMPILER_GLOBAL_ACCENT_COLOR_NAME = AccentColor;
				CODE_SIGN_STYLE = Automatic;
				INFOPLIST_FILE = TimeDatePickerKullanimi/Info.plist;
				LD_RUNPATH_SEARCH_PATHS = (
					"$(inherited)",
					"@executable_path/Frameworks",
				);
				PRODUCT_BUNDLE_IDENTIFIER = com.malishen.TimeDatePickerKullanimi;
				PRODUCT_NAME = "$(TARGET_NAME)";
				SWIFT_VERSION = 5.0;
				TARGETED_DEVICE_FAMILY = "1,2";
			};
			name = Release;
		};
		644C608428A2CF7000FAA5DF /* Debug */ = {
			isa = XCBuildConfiguration;
			buildSettings = {
				ALWAYS_EMBED_SWIFT_STANDARD_LIBRARIES = YES;
				BUNDLE_LOADER = "$(TEST_HOST)";
				CODE_SIGN_STYLE = Automatic;
				INFOPLIST_FILE = TimeDatePickerKullanimiTests/Info.plist;
				IPHONEOS_DEPLOYMENT_TARGET = 14.4;
				LD_RUNPATH_SEARCH_PATHS = (
					"$(inherited)",
					"@executable_path/Frameworks",
					"@loader_path/Frameworks",
				);
				PRODUCT_BUNDLE_IDENTIFIER = com.malishen.TimeDatePickerKullanimiTests;
				PRODUCT_NAME = "$(TARGET_NAME)";
				SWIFT_VERSION = 5.0;
				TARGETED_DEVICE_FAMILY = "1,2";
				TEST_HOST = "$(BUILT_PRODUCTS_DIR)/TimeDatePickerKullanimi.app/TimeDatePickerKullanimi";
			};
			name = Debug;
		};
		644C608528A2CF7000FAA5DF /* Release */ = {
			isa = XCBuildConfiguration;
			buildSettings = {
				ALWAYS_EMBED_SWIFT_STANDARD_LIBRARIES = YES;
				BUNDLE_LOADER = "$(TEST_HOST)";
				CODE_SIGN_STYLE = Automatic;
				INFOPLIST_FILE = TimeDatePickerKullanimiTests/Info.plist;
				IPHONEOS_DEPLOYMENT_TARGET = 14.4;
				LD_RUNPATH_SEARCH_PATHS = (
					"$(inherited)",
					"@executable_path/Frameworks",
					"@loader_path/Frameworks",
				);
				PRODUCT_BUNDLE_IDENTIFIER = com.malishen.TimeDatePickerKullanimiTests;
				PRODUCT_NAME = "$(TARGET_NAME)";
				SWIFT_VERSION = 5.0;
				TARGETED_DEVICE_FAMILY = "1,2";
				TEST_HOST = "$(BUILT_PRODUCTS_DIR)/TimeDatePickerKullanimi.app/TimeDatePickerKullanimi";
			};
			name = Release;
		};
		644C608728A2CF7000FAA5DF /* Debug */ = {
			isa = XCBuildConfiguration;
			buildSettings = {
				ALWAYS_EMBED_SWIFT_STANDARD_LIBRARIES = YES;
				CODE_SIGN_STYLE = Automatic;
				INFOPLIST_FILE = TimeDatePickerKullanimiUITests/Info.plist;
				LD_RUNPATH_SEARCH_PATHS = (
					"$(inherited)",
					"@executable_path/Frameworks",
					"@loader_path/Frameworks",
				);
				PRODUCT_BUNDLE_IDENTIFIER = com.malishen.TimeDatePickerKullanimiUITests;
				PRODUCT_NAME = "$(TARGET_NAME)";
				SWIFT_VERSION = 5.0;
				TARGETED_DEVICE_FAMILY = "1,2";
				TEST_TARGET_NAME = TimeDatePickerKullanimi;
			};
			name = Debug;
		};
		644C608828A2CF7000FAA5DF /* Release */ = {
			isa = XCBuildConfiguration;
			buildSettings = {
				ALWAYS_EMBED_SWIFT_STANDARD_LIBRARIES = YES;
				CODE_SIGN_STYLE = Automatic;
				INFOPLIST_FILE = TimeDatePickerKullanimiUITests/Info.plist;
				LD_RUNPATH_SEARCH_PATHS = (
					"$(inherited)",
					"@executable_path/Frameworks",
					"@loader_path/Frameworks",
				);
				PRODUCT_BUNDLE_IDENTIFIER = com.malishen.TimeDatePickerKullanimiUITests;
				PRODUCT_NAME = "$(TARGET_NAME)";
				SWIFT_VERSION = 5.0;
				TARGETED_DEVICE_FAMILY = "1,2";
				TEST_TARGET_NAME = TimeDatePickerKullanimi;
			};
			name = Release;
		};
/* End XCBuildConfiguration section */

/* Begin XCConfigurationList section */
		644C605128A2CF6400FAA5DF /* Build configuration list for PBXProject "TimeDatePickerKullanimi" */ = {
			isa = XCConfigurationList;
			buildConfigurations = (
				644C607E28A2CF7000FAA5DF /* Debug */,
				644C607F28A2CF7000FAA5DF /* Release */,
			);
			defaultConfigurationIsVisible = 0;
			defaultConfigurationName = Release;
		};
		644C608028A2CF7000FAA5DF /* Build configuration list for PBXNativeTarget "TimeDatePickerKullanimi" */ = {
			isa = XCConfigurationList;
			buildConfigurations = (
				644C608128A2CF7000FAA5DF /* Debug */,
				644C608228A2CF7000FAA5DF /* Release */,
			);
			defaultConfigurationIsVisible = 0;
			defaultConfigurationName = Release;
		};
		644C608328A2CF7000FAA5DF /* Build configuration list for PBXNativeTarget "TimeDatePickerKullanimiTests" */ = {
			isa = XCConfigurationList;
			buildConfigurations = (
				644C608428A2CF7000FAA5DF /* Debug */,
				644C608528A2CF7000FAA5DF /* Release */,
			);
			defaultConfigurationIsVisible = 0;
			defaultConfigurationName = Release;
		};
		644C608628A2CF7000FAA5DF /* Build configuration list for PBXNativeTarget "TimeDatePickerKullanimiUITests" */ = {
			isa = XCConfigurationList;
			buildConfigurations = (
				644C608728A2CF7000FAA5DF /* Debug */,
				644C608828A2CF7000FAA5DF /* Release */,
			);
			defaultConfigurationIsVisible = 0;
			defaultConfigurationName = Release;
		};
/* End XCConfigurationList section */
	};
	rootObject = 644C604E28A2CF6400FAA5DF /* Project object */;
}
